{
    "_readme": [
        "This file locks the dependencies of your project to a known state",
        "Read more about it at https://getcomposer.org/doc/01-basic-usage.md#installing-dependencies",
        "This file is @generated automatically"
    ],
    "content-hash": "40d8bd6199d8333115b6b6d69b21947b",
    "packages": [
        {
            "name": "elephox/collection",
            "version": "v0.3.22",
            "source": {
                "type": "git",
                "url": "https://github.com/elephox-dev/collection.git",
                "reference": "dfced94f1a416f7cb8b0d861623743215921792c"
            },
            "dist": {
                "type": "zip",
                "url": "https://api.github.com/repos/elephox-dev/collection/zipball/dfced94f1a416f7cb8b0d861623743215921792c",
                "reference": "dfced94f1a416f7cb8b0d861623743215921792c",
                "shasum": ""
            },
            "require": {
                "elephox/support": "^0.3",
                "jetbrains/phpstorm-attributes": "^1.0",
                "php": "~8.1.0 || ~8.2.0"
            },
            "type": "library",
            "extra": {
                "branch-alias": {
                    "dev-develop": "0.4.x-dev",
                    "dev-main": "1.x-dev"
                }
            },
            "autoload": {
                "psr-4": {
                    "Elephox\\Collection\\": "src/"
                }
            },
            "notification-url": "https://packagist.org/downloads/",
            "license": [
                "MIT"
            ],
            "authors": [
                {
                    "name": "Ricaro Boss",
                    "email": "contact@ricardoboss.de"
                }
            ],
            "description": "Elephox collection library.",
            "support": {
                "source": "https://github.com/elephox-dev/collection/tree/v0.3.22"
            },
            "time": "2022-02-14T02:43:33+00:00"
        },
        {
            "name": "elephox/core",
            "version": "dev-main",
            "source": {
                "type": "git",
                "url": "https://github.com/elephox-dev/core.git",
                "reference": "7dab88fcaf29d199d93093f6712d40affbb845e0"
            },
            "dist": {
                "type": "zip",
                "url": "https://api.github.com/repos/elephox-dev/core/zipball/7dab88fcaf29d199d93093f6712d40affbb845e0",
                "reference": "7dab88fcaf29d199d93093f6712d40affbb845e0",
                "shasum": ""
            },
            "require": {
                "elephox/collection": "^0.3",
                "elephox/di": "^0.3",
                "elephox/events": "^0.3",
                "elephox/files": "^0.3",
                "elephox/http": "^0.3",
                "elephox/oor": "^0.3",
                "elephox/stream": "^0.3",
                "jetbrains/phpstorm-attributes": "^1.0",
                "php": "~8.1.0 || ~8.2.0"
            },
            "suggest": {
                "elephox/logging": "Optionally used by the default exception and command handlers to log errors."
            },
            "bin": [
                "bin/elephox"
            ],
            "type": "library",
            "extra": {
                "branch-alias": {
                    "dev-develop": "0.4.x-dev",
                    "dev-main": "1.x-dev"
                }
            },
            "autoload": {
                "psr-4": {
                    "Elephox\\Core\\": "src/"
                }
            },
            "notification-url": "https://packagist.org/downloads/",
            "license": [
                "MIT"
            ],
            "authors": [
                {
                    "name": "Ricaro Boss",
                    "email": "contact@ricardoboss.de"
                }
            ],
            "description": "Elephox core library.",
            "support": {
                "issues": "https://github.com/elephox-dev/core/issues",
                "source": "https://github.com/elephox-dev/core/tree/main"
            },
            "time": "2022-02-14T02:43:39+00:00"
        },
        {
            "name": "elephox/di",
            "version": "v0.3.22",
            "source": {
                "type": "git",
                "url": "https://github.com/elephox-dev/di.git",
                "reference": "9104868ad1f6a92a2810b736f76346a913977b62"
            },
            "dist": {
                "type": "zip",
                "url": "https://api.github.com/repos/elephox-dev/di/zipball/9104868ad1f6a92a2810b736f76346a913977b62",
                "reference": "9104868ad1f6a92a2810b736f76346a913977b62",
                "shasum": ""
            },
            "require": {
                "elephox/collection": "^0.3",
                "jetbrains/phpstorm-attributes": "^1.0",
                "php": "~8.1.0 || ~8.2.0",
                "psr/container": "^2.0"
            },
            "provide": {
                "psr/container-implementation": "1.0"
            },
            "type": "library",
            "extra": {
                "branch-alias": {
                    "dev-develop": "0.4.x-dev",
                    "dev-main": "1.x-dev"
                }
            },
            "autoload": {
                "psr-4": {
                    "Elephox\\DI\\": "src/"
                }
            },
            "notification-url": "https://packagist.org/downloads/",
            "license": [
                "MIT"
            ],
            "authors": [
                {
                    "name": "Ricaro Boss",
                    "email": "contact@ricardoboss.de"
                }
            ],
            "description": "Elephox dependency injection library.",
            "support": {
                "source": "https://github.com/elephox-dev/di/tree/v0.3.22"
            },
            "time": "2022-02-14T02:43:46+00:00"
        },
        {
            "name": "elephox/events",
            "version": "v0.3.22",
            "source": {
                "type": "git",
                "url": "https://github.com/elephox-dev/events.git",
                "reference": "f649f571684e4792e77d748330cf53b8f4b7cc86"
            },
            "dist": {
                "type": "zip",
                "url": "https://api.github.com/repos/elephox-dev/events/zipball/f649f571684e4792e77d748330cf53b8f4b7cc86",
                "reference": "f649f571684e4792e77d748330cf53b8f4b7cc86",
                "shasum": ""
            },
            "require": {
                "elephox/collection": "^0.3",
                "jetbrains/phpstorm-attributes": "^1.0",
                "php": "~8.1.0 || ~8.2.0"
            },
            "type": "library",
            "extra": {
                "branch-alias": {
                    "dev-develop": "0.4.x-dev",
                    "dev-main": "1.x-dev"
                }
            },
            "autoload": {
                "psr-4": {
                    "Elephox\\Events\\": "src/"
                }
            },
            "notification-url": "https://packagist.org/downloads/",
            "license": [
                "MIT"
            ],
            "authors": [
                {
                    "name": "Ricaro Boss",
                    "email": "contact@ricardoboss.de"
                }
            ],
            "description": "Elephox events library.",
            "support": {
                "issues": "https://github.com/elephox-dev/events/issues",
                "source": "https://github.com/elephox-dev/events/tree/v0.3.22"
            },
            "time": "2022-02-14T02:43:53+00:00"
        },
        {
            "name": "elephox/files",
            "version": "v0.3.22",
            "source": {
                "type": "git",
                "url": "https://github.com/elephox-dev/files.git",
                "reference": "89b6f6641576c8392cebd25b6993fac05c1893c4"
            },
            "dist": {
                "type": "zip",
                "url": "https://api.github.com/repos/elephox-dev/files/zipball/89b6f6641576c8392cebd25b6993fac05c1893c4",
                "reference": "89b6f6641576c8392cebd25b6993fac05c1893c4",
                "shasum": ""
            },
            "require": {
                "elephox/collection": "^0.3",
                "elephox/mimey": "^4.0",
                "elephox/stream": "^0.3",
                "elephox/support": "^0.3",
                "jetbrains/phpstorm-attributes": "^1.0",
                "php": "~8.1.0 || ~8.2.0"
            },
            "type": "library",
            "extra": {
                "branch-alias": {
                    "dev-develop": "0.4.x-dev",
                    "dev-main": "1.x-dev"
                }
            },
            "autoload": {
                "psr-4": {
                    "Elephox\\Files\\": "src/"
                }
            },
            "notification-url": "https://packagist.org/downloads/",
            "license": [
                "MIT"
            ],
            "authors": [
                {
                    "name": "Ricaro Boss",
                    "email": "contact@ricardoboss.de"
                }
            ],
            "description": "Elephox files library.",
            "support": {
                "issues": "https://github.com/elephox-dev/files/issues",
                "source": "https://github.com/elephox-dev/files/tree/v0.3.22"
            },
            "time": "2022-02-14T02:43:59+00:00"
        },
        {
            "name": "elephox/http",
            "version": "v0.3.22",
            "source": {
                "type": "git",
                "url": "https://github.com/elephox-dev/http.git",
                "reference": "df8dc10385f0248adf9144a9e567d11a98f00e6a"
            },
            "dist": {
                "type": "zip",
                "url": "https://api.github.com/repos/elephox-dev/http/zipball/df8dc10385f0248adf9144a9e567d11a98f00e6a",
                "reference": "df8dc10385f0248adf9144a9e567d11a98f00e6a",
                "shasum": ""
            },
            "require": {
                "elephox/collection": "^0.3",
                "elephox/files": "^0.3",
                "elephox/mimey": "^4.0",
                "elephox/oor": "^0.3",
                "elephox/stream": "^0.3",
                "elephox/support": "^0.3",
                "ext-mbstring": "*",
                "jetbrains/phpstorm-attributes": "^1.0",
                "php": "~8.1.0 || ~8.2.0"
            },
            "type": "library",
            "extra": {
                "branch-alias": {
                    "dev-develop": "0.4.x-dev",
                    "dev-main": "1.x-dev"
                }
            },
            "autoload": {
                "psr-4": {
                    "Elephox\\Http\\": "src/"
                }
            },
            "notification-url": "https://packagist.org/downloads/",
            "license": [
                "MIT"
            ],
            "description": "Elephox HTTP library.",
            "support": {
                "source": "https://github.com/elephox-dev/http/tree/v0.3.22"
            },
            "time": "2022-02-14T02:44:06+00:00"
        },
        {
            "name": "elephox/logging",
            "version": "dev-main",
            "source": {
                "type": "git",
                "url": "https://github.com/elephox-dev/logging.git",
                "reference": "1fd8a92bda49a9a1ac8454610900878053ec8fb5"
            },
            "dist": {
                "type": "zip",
                "url": "https://api.github.com/repos/elephox-dev/logging/zipball/1fd8a92bda49a9a1ac8454610900878053ec8fb5",
                "reference": "1fd8a92bda49a9a1ac8454610900878053ec8fb5",
                "shasum": ""
            },
            "require": {
                "jetbrains/phpstorm-attributes": "^1.0",
                "php": "~8.1.0 || ~8.2.0",
                "ricardoboss/php-console-logger": "^1.8"
            },
            "type": "library",
            "extra": {
                "branch-alias": {
                    "dev-develop": "0.4.x-dev",
                    "dev-main": "1.x-dev"
                }
            },
            "autoload": {
                "psr-4": {
                    "Elephox\\Logging\\": "src/"
                }
            },
            "notification-url": "https://packagist.org/downloads/",
            "license": [
                "MIT"
            ],
            "authors": [
                {
                    "name": "Ricaro Boss",
                    "email": "contact@ricardoboss.de"
                }
            ],
            "description": "Elephox Logging library.",
            "support": {
                "issues": "https://github.com/elephox-dev/logging/issues",
                "source": "https://github.com/elephox-dev/logging/tree/main"
            },
            "time": "2022-02-14T02:44:13+00:00"
        },
        {
            "name": "elephox/mimey",
            "version": "4.0.0",
            "source": {
                "type": "git",
                "url": "https://github.com/elephox-dev/mimey.git",
                "reference": "84494e3288009585f4b4faf23c5e3431f4bc3597"
            },
            "dist": {
                "type": "zip",
                "url": "https://api.github.com/repos/elephox-dev/mimey/zipball/84494e3288009585f4b4faf23c5e3431f4bc3597",
                "reference": "84494e3288009585f4b4faf23c5e3431f4bc3597",
                "shasum": ""
            },
            "require": {
                "jetbrains/phpstorm-attributes": "^1.0",
                "php": "~8.1.0 || ~8.2.0"
            },
            "require-dev": {
                "phpunit/phpunit": "^9.5"
            },
            "suggest": {
                "ext-mbstring": "For non-English (user) input parsing"
            },
            "type": "library",
            "autoload": {
                "psr-4": {
                    "Elephox\\Mimey\\": [
                        "src/",
                        "dist/"
                    ]
                }
            },
            "notification-url": "https://packagist.org/downloads/",
            "license": [
                "MIT"
            ],
            "authors": [
                {
                    "name": "Ralph Khattar",
                    "email": "ralph.khattar@gmail.com"
                },
                {
                    "name": "Ricardo Boss",
                    "email": "contact@ricardoboss.de"
                }
            ],
            "description": "PHP package for converting file extensions to MIME types and vice versa.",
            "support": {
                "source": "https://github.com/elephox-dev/mimey/tree/4.0.0"
            },
            "time": "2022-02-11T16:34:21+00:00"
        },
        {
            "name": "elephox/oor",
            "version": "v0.3.22",
            "source": {
                "type": "git",
                "url": "https://github.com/elephox-dev/oor.git",
                "reference": "8eb2675fef86cbbdf02f1e84d2a171693901bf13"
            },
            "dist": {
                "type": "zip",
                "url": "https://api.github.com/repos/elephox-dev/oor/zipball/8eb2675fef86cbbdf02f1e84d2a171693901bf13",
                "reference": "8eb2675fef86cbbdf02f1e84d2a171693901bf13",
                "shasum": ""
            },
            "require": {
                "elephox/collection": "^0.3",
                "php": "~8.1.0 || ~8.2.0"
            },
            "type": "library",
            "extra": {
                "branch-alias": {
                    "dev-develop": "0.4.x-dev",
                    "dev-main": "1.x-dev"
                }
            },
            "autoload": {
                "psr-4": {
                    "Elephox\\OOR\\": "src/"
                }
            },
            "notification-url": "https://packagist.org/downloads/",
            "license": [
                "MIT"
            ],
            "authors": [
                {
                    "name": "Ricaro Boss",
                    "email": "contact@ricardoboss.de"
                }
            ],
            "description": "Elephox Object-Oriented Revolution library.",
            "support": {
                "issues": "https://github.com/elephox-dev/oor/issues",
                "source": "https://github.com/elephox-dev/oor/tree/v0.3.22"
            },
            "time": "2022-02-14T02:44:19+00:00"
        },
        {
            "name": "elephox/stream",
            "version": "v0.3.22",
            "source": {
                "type": "git",
                "url": "https://github.com/elephox-dev/stream.git",
                "reference": "5817b818601ec07c885f94ff3b0ca75076d42e6e"
            },
            "dist": {
                "type": "zip",
                "url": "https://api.github.com/repos/elephox-dev/stream/zipball/5817b818601ec07c885f94ff3b0ca75076d42e6e",
                "reference": "5817b818601ec07c885f94ff3b0ca75076d42e6e",
                "shasum": ""
            },
            "require": {
                "jetbrains/phpstorm-attributes": "^1.0",
                "php": "~8.1.0 || ~8.2.0"
            },
            "type": "library",
            "extra": {
                "branch-alias": {
                    "dev-develop": "0.4.x-dev",
                    "dev-main": "1.x-dev"
                }
            },
            "autoload": {
                "psr-4": {
                    "Elephox\\Stream\\": "src/"
                }
            },
            "notification-url": "https://packagist.org/downloads/",
            "license": [
                "MIT"
            ],
            "authors": [
                {
                    "name": "Ricaro Boss",
                    "email": "contact@ricardoboss.de"
                }
            ],
            "description": "Elephox Stream library.",
            "support": {
                "issues": "https://github.com/elephox-dev/stream/issues",
                "source": "https://github.com/elephox-dev/stream/tree/v0.3.22"
            },
            "time": "2022-02-14T02:44:27+00:00"
        },
        {
            "name": "elephox/support",
            "version": "v0.3.22",
            "source": {
                "type": "git",
                "url": "https://github.com/elephox-dev/support.git",
                "reference": "b0f2e172698bf64a1f92f3a05542e5485afb8780"
            },
            "dist": {
                "type": "zip",
                "url": "https://api.github.com/repos/elephox-dev/support/zipball/b0f2e172698bf64a1f92f3a05542e5485afb8780",
                "reference": "b0f2e172698bf64a1f92f3a05542e5485afb8780",
                "shasum": ""
            },
            "require": {
                "elephox/mimey": "^4.0",
                "php": "~8.1.0 || ~8.2.0"
            },
            "suggest": {
                "ext-json": "To use Elephox\\JsonConvertible"
            },
            "type": "library",
            "extra": {
                "branch-alias": {
                    "dev-develop": "0.4.x-dev",
                    "dev-main": "1.x-dev"
                }
            },
            "autoload": {
                "psr-4": {
                    "Elephox\\Support\\": "src/"
                }
            },
            "notification-url": "https://packagist.org/downloads/",
            "license": [
                "MIT"
            ],
            "authors": [
                {
                    "name": "Ricaro Boss",
                    "email": "contact@ricardoboss.de"
                }
            ],
            "description": "Elephox support library.",
            "support": {
                "source": "https://github.com/elephox-dev/support/tree/v0.3.22"
            },
            "time": "2022-02-14T02:44:33+00:00"
        },
        {
            "name": "jetbrains/phpstorm-attributes",
            "version": "1.0",
            "source": {
                "type": "git",
                "url": "https://github.com/JetBrains/phpstorm-attributes.git",
                "reference": "a7a83ae5df4dd3c0875484483de19de8edf60a9f"
            },
            "dist": {
                "type": "zip",
                "url": "https://api.github.com/repos/JetBrains/phpstorm-attributes/zipball/a7a83ae5df4dd3c0875484483de19de8edf60a9f",
                "reference": "a7a83ae5df4dd3c0875484483de19de8edf60a9f",
                "shasum": ""
            },
            "type": "library",
            "autoload": {
                "psr-4": {
                    "JetBrains\\PhpStorm\\": "src/"
                }
            },
            "notification-url": "https://packagist.org/downloads/",
            "license": [
                "Apache-2.0"
            ],
            "authors": [
                {
                    "name": "JetBrains",
                    "homepage": "https://www.jetbrains.com"
                }
            ],
            "description": "PhpStorm specific attributes",
            "keywords": [
                "attributes",
                "jetbrains",
                "phpstorm"
            ],
            "support": {
                "issues": "https://youtrack.jetbrains.com/newIssue?project=WI",
                "source": "https://github.com/JetBrains/phpstorm-attributes/tree/1.0"
            },
            "time": "2020-11-17T11:09:47+00:00"
        },
        {
            "name": "psr/container",
            "version": "2.0.2",
            "source": {
                "type": "git",
                "url": "https://github.com/php-fig/container.git",
                "reference": "c71ecc56dfe541dbd90c5360474fbc405f8d5963"
            },
            "dist": {
                "type": "zip",
                "url": "https://api.github.com/repos/php-fig/container/zipball/c71ecc56dfe541dbd90c5360474fbc405f8d5963",
                "reference": "c71ecc56dfe541dbd90c5360474fbc405f8d5963",
                "shasum": ""
            },
            "require": {
                "php": ">=7.4.0"
            },
            "type": "library",
            "extra": {
                "branch-alias": {
                    "dev-master": "2.0.x-dev"
                }
            },
            "autoload": {
                "psr-4": {
                    "Psr\\Container\\": "src/"
                }
            },
            "notification-url": "https://packagist.org/downloads/",
            "license": [
                "MIT"
            ],
            "authors": [
                {
                    "name": "PHP-FIG",
                    "homepage": "https://www.php-fig.org/"
                }
            ],
            "description": "Common Container Interface (PHP FIG PSR-11)",
            "homepage": "https://github.com/php-fig/container",
            "keywords": [
                "PSR-11",
                "container",
                "container-interface",
                "container-interop",
                "psr"
            ],
            "support": {
                "issues": "https://github.com/php-fig/container/issues",
                "source": "https://github.com/php-fig/container/tree/2.0.2"
            },
            "time": "2021-11-05T16:47:00+00:00"
        },
        {
            "name": "ricardoboss/php-console-logger",
            "version": "v1.8",
            "source": {
                "type": "git",
                "url": "https://github.com/ricardoboss/php-console-logger.git",
                "reference": "55c7a03753142a579154b1fd30c98d65e3a0d86e"
            },
            "dist": {
                "type": "zip",
                "url": "https://api.github.com/repos/ricardoboss/php-console-logger/zipball/55c7a03753142a579154b1fd30c98d65e3a0d86e",
                "reference": "55c7a03753142a579154b1fd30c98d65e3a0d86e",
                "shasum": ""
            },
            "require": {
                "php": "^8.0"
            },
            "type": "library",
            "autoload": {
                "psr-4": {
                    "ricardoboss\\": "src/"
                }
            },
            "notification-url": "https://packagist.org/downloads/",
            "license": [
                "MIT"
            ],
            "authors": [
                {
                    "name": "Ricardo Boss",
                    "email": "contact@ricardoboss.de"
                }
            ],
            "description": "A simple console logger for scripts or small applications.",
            "support": {
                "issues": "https://github.com/ricardoboss/php-console-logger/issues",
                "source": "https://github.com/ricardoboss/php-console-logger/tree/v1.8"
            },
            "time": "2021-07-22T19:31:59+00:00"
        }
    ],
    "packages-dev": [],
    "aliases": [],
    "minimum-stability": "dev",
    "stability-flags": {
        "elephox/core": 20,
        "elephox/logging": 20
    },
    "prefer-stable": true,
    "prefer-lowest": false,
    "platform": {
        "php": ">=8.1"
    },
    "platform-dev": [],
    "plugin-api-version": "2.2.0"
}
