{
    "_readme": [
        "This file locks the dependencies of your project to a known state",
        "Read more about it at https://getcomposer.org/doc/01-basic-usage.md#installing-dependencies",
        "This file is @generated automatically"
    ],
    "content-hash": "40d8bd6199d8333115b6b6d69b21947b",
    "packages": [
        {
            "name": "elephox/collection",
            "version": "v0.3.18",
            "source": {
                "type": "git",
                "url": "https://github.com/elephox-dev/collection.git",
                "reference": "fc749b5e84ce218eba2cf3186f77f2fa9bd09cac"
            },
            "dist": {
                "type": "zip",
                "url": "https://api.github.com/repos/elephox-dev/collection/zipball/fc749b5e84ce218eba2cf3186f77f2fa9bd09cac",
                "reference": "fc749b5e84ce218eba2cf3186f77f2fa9bd09cac",
                "shasum": ""
            },
            "require": {
                "elephox/support": "^0.3",
                "jetbrains/phpstorm-attributes": "^1.0",
                "php": "~8.1.0 || ~8.2.0"
            },
            "type": "library",
            "extra": {
                "branch-alias": {
                    "dev-develop": "0.4.x-dev",
                    "dev-main": "1.x-dev"
                }
            },
            "autoload": {
                "psr-4": {
                    "Elephox\\Collection\\": "src/"
                }
            },
            "notification-url": "https://packagist.org/downloads/",
            "license": [
                "MIT"
            ],
            "authors": [
                {
                    "name": "Ricaro Boss",
                    "email": "contact@ricardoboss.de"
                }
            ],
            "description": "Elephox collection library.",
            "support": {
                "source": "https://github.com/elephox-dev/collection/tree/v0.3.18"
            },
            "time": "2022-02-08T13:32:40+00:00"
        },
        {
            "name": "elephox/core",
            "version": "dev-main",
            "source": {
                "type": "git",
                "url": "https://github.com/elephox-dev/core.git",
                "reference": "7201efd0210557c7029c397c9a229e27cf92ace9"
            },
            "dist": {
                "type": "zip",
                "url": "https://api.github.com/repos/elephox-dev/core/zipball/7201efd0210557c7029c397c9a229e27cf92ace9",
                "reference": "7201efd0210557c7029c397c9a229e27cf92ace9",
                "shasum": ""
            },
            "require": {
                "elephox/collection": "^0.3",
                "elephox/di": "^0.3",
                "elephox/events": "^0.3",
                "elephox/files": "^0.3",
                "elephox/http": "^0.3",
                "elephox/oor": "^0.3",
                "elephox/stream": "^0.3",
                "jetbrains/phpstorm-attributes": "^1.0",
                "php": "~8.1.0 || ~8.2.0"
            },
            "suggest": {
                "elephox/logging": "Optionally used by the default exception and command handlers to log errors."
            },
            "bin": [
                "bin/elephox"
            ],
            "type": "library",
            "extra": {
                "branch-alias": {
                    "dev-develop": "0.4.x-dev",
                    "dev-main": "1.x-dev"
                }
            },
            "autoload": {
                "psr-4": {
                    "Elephox\\Core\\": "src/"
                }
            },
            "notification-url": "https://packagist.org/downloads/",
            "license": [
                "MIT"
            ],
            "authors": [
                {
                    "name": "Ricaro Boss",
                    "email": "contact@ricardoboss.de"
                }
            ],
            "description": "Elephox core library.",
            "support": {
                "issues": "https://github.com/elephox-dev/core/issues",
                "source": "https://github.com/elephox-dev/core/tree/main"
            },
            "time": "2022-02-08T13:32:47+00:00"
        },
        {
            "name": "elephox/di",
            "version": "v0.3.18",
            "source": {
                "type": "git",
                "url": "https://github.com/elephox-dev/di.git",
                "reference": "9e953653f5368a8b1baeecc36a1d1bdda08ef729"
            },
            "dist": {
                "type": "zip",
                "url": "https://api.github.com/repos/elephox-dev/di/zipball/9e953653f5368a8b1baeecc36a1d1bdda08ef729",
                "reference": "9e953653f5368a8b1baeecc36a1d1bdda08ef729",
                "shasum": ""
            },
            "require": {
                "elephox/collection": "^0.3",
                "jetbrains/phpstorm-attributes": "^1.0",
                "php": "~8.1.0 || ~8.2.0",
                "psr/container": "^2.0"
            },
            "provide": {
                "psr/container-implementation": "1.0"
            },
            "type": "library",
            "extra": {
                "branch-alias": {
                    "dev-develop": "0.4.x-dev",
                    "dev-main": "1.x-dev"
                }
            },
            "autoload": {
                "psr-4": {
                    "Elephox\\DI\\": "src/"
                }
            },
            "notification-url": "https://packagist.org/downloads/",
            "license": [
                "MIT"
            ],
            "authors": [
                {
                    "name": "Ricaro Boss",
                    "email": "contact@ricardoboss.de"
                }
            ],
            "description": "Elephox dependency injection library.",
            "support": {
                "source": "https://github.com/elephox-dev/di/tree/v0.3.18"
            },
            "time": "2022-02-08T13:32:54+00:00"
        },
        {
            "name": "elephox/events",
            "version": "v0.3.18",
            "source": {
                "type": "git",
                "url": "https://github.com/elephox-dev/events.git",
                "reference": "b9f9cf391b19d22eb885c9b4bc88524efe00386e"
            },
            "dist": {
                "type": "zip",
                "url": "https://api.github.com/repos/elephox-dev/events/zipball/b9f9cf391b19d22eb885c9b4bc88524efe00386e",
                "reference": "b9f9cf391b19d22eb885c9b4bc88524efe00386e",
                "shasum": ""
            },
            "require": {
                "elephox/collection": "^0.3",
                "jetbrains/phpstorm-attributes": "^1.0",
                "php": "~8.1.0 || ~8.2.0"
            },
            "type": "library",
            "extra": {
                "branch-alias": {
                    "dev-develop": "0.4.x-dev",
                    "dev-main": "1.x-dev"
                }
            },
            "autoload": {
                "psr-4": {
                    "Elephox\\Events\\": "src/"
                }
            },
            "notification-url": "https://packagist.org/downloads/",
            "license": [
                "MIT"
            ],
            "authors": [
                {
                    "name": "Ricaro Boss",
                    "email": "contact@ricardoboss.de"
                }
            ],
            "description": "Elephox events library.",
            "support": {
                "issues": "https://github.com/elephox-dev/events/issues",
                "source": "https://github.com/elephox-dev/events/tree/v0.3.18"
            },
            "time": "2022-02-08T13:33:00+00:00"
        },
        {
            "name": "elephox/files",
            "version": "v0.3.18",
            "source": {
                "type": "git",
                "url": "https://github.com/elephox-dev/files.git",
                "reference": "a929a5eb2cb35fcdd1c6781e9a05ebc39bd11890"
            },
            "dist": {
                "type": "zip",
                "url": "https://api.github.com/repos/elephox-dev/files/zipball/a929a5eb2cb35fcdd1c6781e9a05ebc39bd11890",
                "reference": "a929a5eb2cb35fcdd1c6781e9a05ebc39bd11890",
                "shasum": ""
            },
            "require": {
                "elephox/collection": "^0.3",
                "elephox/support": "^0.3",
                "jetbrains/phpstorm-attributes": "^1.0",
                "php": "~8.1.0 || ~8.2.0"
            },
            "type": "library",
            "extra": {
                "branch-alias": {
                    "dev-develop": "0.4.x-dev",
                    "dev-main": "1.x-dev"
                }
            },
            "autoload": {
                "psr-4": {
                    "Elephox\\Files\\": "src/"
                }
            },
            "notification-url": "https://packagist.org/downloads/",
            "license": [
                "MIT"
            ],
            "authors": [
                {
                    "name": "Ricaro Boss",
                    "email": "contact@ricardoboss.de"
                }
            ],
            "description": "Elephox files library.",
            "support": {
                "issues": "https://github.com/elephox-dev/files/issues",
                "source": "https://github.com/elephox-dev/files/tree/v0.3.18"
            },
            "time": "2022-02-08T13:33:06+00:00"
        },
        {
            "name": "elephox/http",
            "version": "v0.3.18",
            "source": {
                "type": "git",
                "url": "https://github.com/elephox-dev/http.git",
                "reference": "878bba07c7c173bf9b4bbe84666183f0a0b6ccc0"
            },
            "dist": {
                "type": "zip",
                "url": "https://api.github.com/repos/elephox-dev/http/zipball/878bba07c7c173bf9b4bbe84666183f0a0b6ccc0",
                "reference": "878bba07c7c173bf9b4bbe84666183f0a0b6ccc0",
                "shasum": ""
            },
            "require": {
                "elephox/collection": "^0.3",
                "elephox/stream": "^0.3",
                "elephox/support": "^0.3",
                "ext-mbstring": "*",
                "jetbrains/phpstorm-attributes": "^1.0",
                "php": "~8.1.0 || ~8.2.0"
            },
            "type": "library",
            "extra": {
                "branch-alias": {
                    "dev-develop": "0.4.x-dev",
                    "dev-main": "1.x-dev"
                }
            },
            "autoload": {
                "psr-4": {
                    "Elephox\\Http\\": "src/"
                }
            },
            "notification-url": "https://packagist.org/downloads/",
            "license": [
                "MIT"
            ],
            "description": "Elephox HTTP library.",
            "support": {
                "source": "https://github.com/elephox-dev/http/tree/v0.3.18"
            },
            "time": "2022-02-08T13:33:12+00:00"
        },
        {
            "name": "elephox/logging",
            "version": "dev-main",
            "source": {
                "type": "git",
                "url": "https://github.com/elephox-dev/logging.git",
                "reference": "3d75da6033bc609b275254bf08bad7d15011aa45"
            },
            "dist": {
                "type": "zip",
                "url": "https://api.github.com/repos/elephox-dev/logging/zipball/3d75da6033bc609b275254bf08bad7d15011aa45",
                "reference": "3d75da6033bc609b275254bf08bad7d15011aa45",
                "shasum": ""
            },
            "require": {
                "jetbrains/phpstorm-attributes": "^1.0",
                "php": "~8.1.0 || ~8.2.0",
                "ricardoboss/php-console-logger": "^1.8"
            },
            "type": "library",
            "extra": {
                "branch-alias": {
                    "dev-develop": "0.4.x-dev",
                    "dev-main": "1.x-dev"
                }
            },
            "autoload": {
                "psr-4": {
                    "Elephox\\Logging\\": "src/"
                }
            },
            "notification-url": "https://packagist.org/downloads/",
            "license": [
                "MIT"
            ],
            "authors": [
                {
                    "name": "Ricaro Boss",
                    "email": "contact@ricardoboss.de"
                }
            ],
            "description": "Elephox Logging library.",
            "support": {
                "issues": "https://github.com/elephox-dev/logging/issues",
                "source": "https://github.com/elephox-dev/logging/tree/main"
            },
            "time": "2022-02-08T13:33:18+00:00"
        },
        {
            "name": "elephox/oor",
            "version": "v0.3.18",
            "source": {
                "type": "git",
                "url": "https://github.com/elephox-dev/oor.git",
                "reference": "97f04c6a0e9d0d1cfb8d61cc8392b8bb31081a48"
            },
            "dist": {
                "type": "zip",
                "url": "https://api.github.com/repos/elephox-dev/oor/zipball/97f04c6a0e9d0d1cfb8d61cc8392b8bb31081a48",
                "reference": "97f04c6a0e9d0d1cfb8d61cc8392b8bb31081a48",
                "shasum": ""
            },
            "require": {
                "elephox/collection": "^0.3",
                "php": "~8.1.0 || ~8.2.0"
            },
            "type": "library",
            "extra": {
                "branch-alias": {
                    "dev-develop": "0.4.x-dev",
                    "dev-main": "1.x-dev"
                }
            },
            "autoload": {
                "psr-4": {
                    "Elephox\\OOR\\": "src/"
                }
            },
            "notification-url": "https://packagist.org/downloads/",
            "license": [
                "MIT"
            ],
            "authors": [
                {
                    "name": "Ricaro Boss",
                    "email": "contact@ricardoboss.de"
                }
            ],
            "description": "Elephox Object-Oriented Revolution library.",
            "support": {
                "issues": "https://github.com/elephox-dev/oor/issues",
                "source": "https://github.com/elephox-dev/oor/tree/v0.3.18"
            },
            "time": "2022-02-08T13:33:24+00:00"
        },
        {
            "name": "elephox/stream",
            "version": "v0.3.18",
            "source": {
                "type": "git",
                "url": "https://github.com/elephox-dev/stream.git",
                "reference": "cebe99ecf48c722e56cb0713371d2c6b6b3baa87"
            },
            "dist": {
                "type": "zip",
                "url": "https://api.github.com/repos/elephox-dev/stream/zipball/cebe99ecf48c722e56cb0713371d2c6b6b3baa87",
                "reference": "cebe99ecf48c722e56cb0713371d2c6b6b3baa87",
                "shasum": ""
            },
            "require": {
                "elephox/files": "^0.3",
                "jetbrains/phpstorm-attributes": "^1.0",
                "php": "~8.1.0 || ~8.2.0"
            },
            "type": "library",
            "extra": {
                "branch-alias": {
                    "dev-develop": "0.4.x-dev",
                    "dev-main": "1.x-dev"
                }
            },
            "autoload": {
                "psr-4": {
                    "Elephox\\Stream\\": "src/"
                }
            },
            "notification-url": "https://packagist.org/downloads/",
            "license": [
                "MIT"
            ],
            "authors": [
                {
                    "name": "Ricaro Boss",
                    "email": "contact@ricardoboss.de"
                }
            ],
            "description": "Elephox Stream library.",
            "support": {
                "issues": "https://github.com/elephox-dev/stream/issues",
                "source": "https://github.com/elephox-dev/stream/tree/v0.3.18"
            },
            "time": "2022-02-08T13:33:30+00:00"
        },
        {
            "name": "elephox/support",
            "version": "v0.3.18",
            "source": {
                "type": "git",
                "url": "https://github.com/elephox-dev/support.git",
                "reference": "16727a816a0726c1c9505a2696d8b5584f83d6ae"
            },
            "dist": {
                "type": "zip",
                "url": "https://api.github.com/repos/elephox-dev/support/zipball/16727a816a0726c1c9505a2696d8b5584f83d6ae",
                "reference": "16727a816a0726c1c9505a2696d8b5584f83d6ae",
                "shasum": ""
            },
            "require": {
                "php": "~8.1.0 || ~8.2.0"
            },
            "suggest": {
                "ext-json": "To use Elephox\\JsonConvertible"
            },
            "type": "library",
            "extra": {
                "branch-alias": {
                    "dev-develop": "0.4.x-dev",
                    "dev-main": "1.x-dev"
                }
            },
            "autoload": {
                "psr-4": {
                    "Elephox\\Support\\": "src/"
                }
            },
            "notification-url": "https://packagist.org/downloads/",
            "license": [
                "MIT"
            ],
            "authors": [
                {
                    "name": "Ricaro Boss",
                    "email": "contact@ricardoboss.de"
                }
            ],
            "description": "Elephox support library.",
            "support": {
                "source": "https://github.com/elephox-dev/support/tree/v0.3.18"
            },
            "time": "2022-02-08T13:33:36+00:00"
        },
        {
            "name": "jetbrains/phpstorm-attributes",
            "version": "1.0",
            "source": {
                "type": "git",
                "url": "https://github.com/JetBrains/phpstorm-attributes.git",
                "reference": "a7a83ae5df4dd3c0875484483de19de8edf60a9f"
            },
            "dist": {
                "type": "zip",
                "url": "https://api.github.com/repos/JetBrains/phpstorm-attributes/zipball/a7a83ae5df4dd3c0875484483de19de8edf60a9f",
                "reference": "a7a83ae5df4dd3c0875484483de19de8edf60a9f",
                "shasum": ""
            },
            "type": "library",
            "autoload": {
                "psr-4": {
                    "JetBrains\\PhpStorm\\": "src/"
                }
            },
            "notification-url": "https://packagist.org/downloads/",
            "license": [
                "Apache-2.0"
            ],
            "authors": [
                {
                    "name": "JetBrains",
                    "homepage": "https://www.jetbrains.com"
                }
            ],
            "description": "PhpStorm specific attributes",
            "keywords": [
                "attributes",
                "jetbrains",
                "phpstorm"
            ],
            "support": {
                "issues": "https://youtrack.jetbrains.com/newIssue?project=WI",
                "source": "https://github.com/JetBrains/phpstorm-attributes/tree/1.0"
            },
            "time": "2020-11-17T11:09:47+00:00"
        },
        {
            "name": "psr/container",
            "version": "2.0.2",
            "source": {
                "type": "git",
                "url": "https://github.com/php-fig/container.git",
                "reference": "c71ecc56dfe541dbd90c5360474fbc405f8d5963"
            },
            "dist": {
                "type": "zip",
                "url": "https://api.github.com/repos/php-fig/container/zipball/c71ecc56dfe541dbd90c5360474fbc405f8d5963",
                "reference": "c71ecc56dfe541dbd90c5360474fbc405f8d5963",
                "shasum": ""
            },
            "require": {
                "php": ">=7.4.0"
            },
            "type": "library",
            "extra": {
                "branch-alias": {
                    "dev-master": "2.0.x-dev"
                }
            },
            "autoload": {
                "psr-4": {
                    "Psr\\Container\\": "src/"
                }
            },
            "notification-url": "https://packagist.org/downloads/",
            "license": [
                "MIT"
            ],
            "authors": [
                {
                    "name": "PHP-FIG",
                    "homepage": "https://www.php-fig.org/"
                }
            ],
            "description": "Common Container Interface (PHP FIG PSR-11)",
            "homepage": "https://github.com/php-fig/container",
            "keywords": [
                "PSR-11",
                "container",
                "container-interface",
                "container-interop",
                "psr"
            ],
            "support": {
                "issues": "https://github.com/php-fig/container/issues",
                "source": "https://github.com/php-fig/container/tree/2.0.2"
            },
            "time": "2021-11-05T16:47:00+00:00"
        },
        {
            "name": "ricardoboss/php-console-logger",
            "version": "v1.8",
            "source": {
                "type": "git",
                "url": "https://github.com/ricardoboss/php-console-logger.git",
                "reference": "55c7a03753142a579154b1fd30c98d65e3a0d86e"
            },
            "dist": {
                "type": "zip",
                "url": "https://api.github.com/repos/ricardoboss/php-console-logger/zipball/55c7a03753142a579154b1fd30c98d65e3a0d86e",
                "reference": "55c7a03753142a579154b1fd30c98d65e3a0d86e",
                "shasum": ""
            },
            "require": {
                "php": "^8.0"
            },
            "type": "library",
            "autoload": {
                "psr-4": {
                    "ricardoboss\\": "src/"
                }
            },
            "notification-url": "https://packagist.org/downloads/",
            "license": [
                "MIT"
            ],
            "authors": [
                {
                    "name": "Ricardo Boss",
                    "email": "contact@ricardoboss.de"
                }
            ],
            "description": "A simple console logger for scripts or small applications.",
            "support": {
                "issues": "https://github.com/ricardoboss/php-console-logger/issues",
                "source": "https://github.com/ricardoboss/php-console-logger/tree/v1.8"
            },
            "time": "2021-07-22T19:31:59+00:00"
        }
    ],
    "packages-dev": [],
    "aliases": [],
    "minimum-stability": "dev",
    "stability-flags": {
        "elephox/core": 20,
        "elephox/logging": 20
    },
    "prefer-stable": true,
    "prefer-lowest": false,
    "platform": {
        "php": ">=8.1"
    },
    "platform-dev": [],
    "plugin-api-version": "2.2.0"
}
