{
    "_readme": [
        "This file locks the dependencies of your project to a known state",
        "Read more about it at https://getcomposer.org/doc/01-basic-usage.md#installing-dependencies",
        "This file is @generated automatically"
    ],
    "content-hash": "d773687e82f7ff84c13d4a3c6403df3d",
    "packages": [
        {
            "name": "elephox/autoloading",
            "version": "dev-develop",
            "source": {
                "type": "git",
                "url": "https://github.com/elephox-dev/autoloading.git",
                "reference": "c0f51dfe09c40a288ef43224f2d0294d5432d49c"
            },
            "dist": {
                "type": "zip",
                "url": "https://api.github.com/repos/elephox-dev/autoloading/zipball/c0f51dfe09c40a288ef43224f2d0294d5432d49c",
                "reference": "c0f51dfe09c40a288ef43224f2d0294d5432d49c",
                "shasum": ""
            },
            "require": {
                "elephox/collection": "dev-develop",
                "elephox/files": "dev-develop",
                "elephox/oor": "dev-develop",
                "jetbrains/phpstorm-attributes": "^1.0",
                "php": "^8.1 <8.3",
                "psr/container": "^2.0"
            },
            "provide": {
                "psr/container-implementation": "1.0"
            },
            "default-branch": true,
            "type": "library",
            "autoload": {
                "psr-4": {
                    "Elephox\\Autoloading\\": "src/"
                }
            },
            "notification-url": "https://packagist.org/downloads/",
            "license": [
                "MIT"
            ],
            "authors": [
                {
                    "name": "Ricaro Boss",
                    "email": "contact@ricardoboss.de"
                }
            ],
            "description": "Elephox auto loading library.",
            "support": {
                "issues": "https://github.com/elephox-dev/autoloading/issues",
                "source": "https://github.com/elephox-dev/autoloading/tree/develop"
            },
            "time": "2022-04-07T19:49:29+00:00"
        },
        {
            "name": "elephox/collection",
            "version": "dev-develop",
            "source": {
                "type": "git",
                "url": "https://github.com/elephox-dev/collection.git",
                "reference": "7fd14bef458c6b45bde44832957abd70cdb3d312"
            },
            "dist": {
                "type": "zip",
                "url": "https://api.github.com/repos/elephox-dev/collection/zipball/7fd14bef458c6b45bde44832957abd70cdb3d312",
                "reference": "7fd14bef458c6b45bde44832957abd70cdb3d312",
                "shasum": ""
            },
            "require": {
                "elephox/support": "dev-develop",
                "jetbrains/phpstorm-attributes": "^1.0",
                "php": "^8.1 <8.3"
            },
            "default-branch": true,
            "type": "library",
            "autoload": {
                "psr-4": {
                    "Elephox\\Collection\\": "src/"
                }
            },
            "notification-url": "https://packagist.org/downloads/",
            "license": [
                "MIT"
            ],
            "authors": [
                {
                    "name": "Ricaro Boss",
                    "email": "contact@ricardoboss.de"
                }
            ],
            "description": "Elephox collection library.",
            "support": {
                "source": "https://github.com/elephox-dev/collection/tree/develop"
            },
            "time": "2022-04-07T22:19:46+00:00"
        },
        {
            "name": "elephox/configuration",
            "version": "dev-develop",
            "source": {
                "type": "git",
                "url": "https://github.com/elephox-dev/configuration.git",
                "reference": "1e0c3d207bf94e3d05f6505db433a0fb8919c61a"
            },
            "dist": {
                "type": "zip",
                "url": "https://api.github.com/repos/elephox-dev/configuration/zipball/1e0c3d207bf94e3d05f6505db433a0fb8919c61a",
                "reference": "1e0c3d207bf94e3d05f6505db433a0fb8919c61a",
                "shasum": ""
            },
            "require": {
                "elephox/collection": "dev-develop",
                "elephox/files": "dev-develop",
                "elephox/oor": "dev-develop",
                "jetbrains/phpstorm-attributes": "^1.0",
                "php": "^8.1 <8.3"
            },
            "default-branch": true,
            "type": "library",
            "extra": {
                "branch-alias": {
                    "dev-develop": "0.4.x-dev",
                    "dev-main": "1.x-dev"
                }
            },
            "autoload": {
                "psr-4": {
                    "Elephox\\Configuration\\": "src/"
                }
            },
            "notification-url": "https://packagist.org/downloads/",
            "license": [
                "MIT"
            ],
            "authors": [
                {
                    "name": "Ricaro Boss",
                    "email": "contact@ricardoboss.de"
                }
            ],
            "description": "Elephox configuration library.",
            "support": {
                "issues": "https://github.com/elephox-dev/configuration/issues",
                "source": "https://github.com/elephox-dev/configuration/tree/develop"
            },
            "time": "2022-04-07T19:49:29+00:00"
        },
        {
            "name": "elephox/console",
            "version": "dev-develop",
            "source": {
                "type": "git",
                "url": "https://github.com/elephox-dev/console.git",
                "reference": "72b955c0d53c47d185b72c9ccf9cd70ff1e03a8e"
            },
            "dist": {
                "type": "zip",
                "url": "https://api.github.com/repos/elephox-dev/console/zipball/72b955c0d53c47d185b72c9ccf9cd70ff1e03a8e",
                "reference": "72b955c0d53c47d185b72c9ccf9cd70ff1e03a8e",
                "shasum": ""
            },
            "require": {
                "elephox/autoloading": "dev-develop",
                "elephox/collection": "dev-develop",
                "elephox/configuration": "dev-develop",
                "elephox/di": "dev-develop",
                "elephox/logging": "dev-develop",
                "elephox/support": "dev-develop",
                "ext-mbstring": "*",
                "jetbrains/phpstorm-attributes": "^1.0",
                "php": "^8.1 <8.3"
            },
            "suggest": {
                "filp/whoops": "To be able to use the Whoops error handler ($builder->addWhoops())",
                "nunomaduro/collision": "For pretty formatting of exceptions in command line usage"
            },
            "default-branch": true,
            "type": "library",
            "autoload": {
                "psr-4": {
                    "Elephox\\Console\\": "src/"
                }
            },
            "notification-url": "https://packagist.org/downloads/",
            "license": [
                "MIT"
            ],
            "authors": [
                {
                    "name": "Ricaro Boss",
                    "email": "contact@ricardoboss.de"
                }
            ],
            "description": "Elephox console library.",
            "support": {
                "issues": "https://github.com/elephox-dev/console/issues",
                "source": "https://github.com/elephox-dev/console/tree/develop"
            },
            "time": "2022-04-07T19:49:29+00:00"
        },
        {
            "name": "elephox/di",
            "version": "dev-develop",
            "source": {
                "type": "git",
                "url": "https://github.com/elephox-dev/di.git",
                "reference": "134af3c7a454c1d0b8b85cd5bf71c214b922afe8"
            },
            "dist": {
                "type": "zip",
                "url": "https://api.github.com/repos/elephox-dev/di/zipball/134af3c7a454c1d0b8b85cd5bf71c214b922afe8",
                "reference": "134af3c7a454c1d0b8b85cd5bf71c214b922afe8",
                "shasum": ""
            },
            "require": {
                "elephox/collection": "dev-develop",
                "jetbrains/phpstorm-attributes": "^1.0",
                "php": "^8.1 <8.3",
                "psr/container": "^2.0"
            },
            "provide": {
                "psr/container-implementation": "1.0"
            },
            "default-branch": true,
            "type": "library",
            "autoload": {
                "psr-4": {
                    "Elephox\\DI\\": "src/"
                }
            },
            "notification-url": "https://packagist.org/downloads/",
            "license": [
                "MIT"
            ],
            "authors": [
                {
                    "name": "Ricaro Boss",
                    "email": "contact@ricardoboss.de"
                }
            ],
            "description": "Elephox dependency injection library.",
            "support": {
                "source": "https://github.com/elephox-dev/di/tree/develop"
            },
            "time": "2022-04-07T19:49:29+00:00"
        },
        {
            "name": "elephox/files",
            "version": "dev-develop",
            "source": {
                "type": "git",
                "url": "https://github.com/elephox-dev/files.git",
                "reference": "27cfd2390c65576d27f347a221f7d12e5547b334"
            },
            "dist": {
                "type": "zip",
                "url": "https://api.github.com/repos/elephox-dev/files/zipball/27cfd2390c65576d27f347a221f7d12e5547b334",
                "reference": "27cfd2390c65576d27f347a221f7d12e5547b334",
                "shasum": ""
            },
            "require": {
                "elephox/collection": "dev-develop",
                "elephox/mimey": "^4.0",
                "elephox/stream": "dev-develop",
                "elephox/support": "dev-develop",
                "jetbrains/phpstorm-attributes": "^1.0",
                "php": "^8.1 <8.3"
            },
            "default-branch": true,
            "type": "library",
            "autoload": {
                "psr-4": {
                    "Elephox\\Files\\": "src/"
                }
            },
            "notification-url": "https://packagist.org/downloads/",
            "license": [
                "MIT"
            ],
            "authors": [
                {
                    "name": "Ricaro Boss",
                    "email": "contact@ricardoboss.de"
                }
            ],
            "description": "Elephox files library.",
            "support": {
                "issues": "https://github.com/elephox-dev/files/issues",
                "source": "https://github.com/elephox-dev/files/tree/develop"
            },
            "time": "2022-04-07T19:49:29+00:00"
        },
        {
            "name": "elephox/http",
            "version": "dev-develop",
            "source": {
                "type": "git",
                "url": "https://github.com/elephox-dev/http.git",
                "reference": "fa16dc6c887464946d57ce47a649231771e86e29"
            },
            "dist": {
                "type": "zip",
                "url": "https://api.github.com/repos/elephox-dev/http/zipball/fa16dc6c887464946d57ce47a649231771e86e29",
                "reference": "fa16dc6c887464946d57ce47a649231771e86e29",
                "shasum": ""
            },
            "require": {
                "elephox/collection": "dev-develop",
                "elephox/files": "dev-develop",
                "elephox/mimey": "^4.0",
                "elephox/oor": "dev-develop",
                "elephox/stream": "dev-develop",
                "elephox/support": "dev-develop",
                "ext-mbstring": "*",
                "jetbrains/phpstorm-attributes": "^1.0",
                "php": "^8.1 <8.3"
            },
            "default-branch": true,
            "type": "library",
            "autoload": {
                "psr-4": {
                    "Elephox\\Http\\": "src/"
                }
            },
            "notification-url": "https://packagist.org/downloads/",
            "license": [
                "MIT"
            ],
            "authors": [
                {
                    "name": "Ricaro Boss",
                    "email": "contact@ricardoboss.de"
                }
            ],
            "description": "Elephox HTTP library.",
            "support": {
                "source": "https://github.com/elephox-dev/http/tree/develop"
            },
            "time": "2022-04-07T19:49:29+00:00"
        },
        {
            "name": "elephox/logging",
            "version": "dev-develop",
            "source": {
                "type": "git",
                "url": "https://github.com/elephox-dev/logging.git",
                "reference": "d5ec12b7c976a2fcb528157fea8cf91d0568bc8b"
            },
            "dist": {
                "type": "zip",
                "url": "https://api.github.com/repos/elephox-dev/logging/zipball/d5ec12b7c976a2fcb528157fea8cf91d0568bc8b",
                "reference": "d5ec12b7c976a2fcb528157fea8cf91d0568bc8b",
                "shasum": ""
            },
            "require": {
                "jetbrains/phpstorm-attributes": "^1.0",
                "php": "^8.1 <8.3",
                "ricardoboss/php-console-logger": "^1.9"
            },
            "default-branch": true,
            "type": "library",
            "autoload": {
                "psr-4": {
                    "Elephox\\Logging\\": "src/"
                }
            },
            "notification-url": "https://packagist.org/downloads/",
            "license": [
                "MIT"
            ],
            "authors": [
                {
                    "name": "Ricaro Boss",
                    "email": "contact@ricardoboss.de"
                }
            ],
            "description": "Elephox Logging library.",
            "support": {
                "issues": "https://github.com/elephox-dev/logging/issues",
                "source": "https://github.com/elephox-dev/logging/tree/develop"
            },
            "time": "2022-04-07T19:49:29+00:00"
        },
        {
            "name": "elephox/mimey",
            "version": "4.0.0",
            "source": {
                "type": "git",
                "url": "https://github.com/elephox-dev/mimey.git",
                "reference": "84494e3288009585f4b4faf23c5e3431f4bc3597"
            },
            "dist": {
                "type": "zip",
                "url": "https://api.github.com/repos/elephox-dev/mimey/zipball/84494e3288009585f4b4faf23c5e3431f4bc3597",
                "reference": "84494e3288009585f4b4faf23c5e3431f4bc3597",
                "shasum": ""
            },
            "require": {
                "jetbrains/phpstorm-attributes": "^1.0",
                "php": "~8.1.0 || ~8.2.0"
            },
            "require-dev": {
                "phpunit/phpunit": "^9.5"
            },
            "suggest": {
                "ext-mbstring": "For non-English (user) input parsing"
            },
            "type": "library",
            "autoload": {
                "psr-4": {
                    "Elephox\\Mimey\\": [
                        "src/",
                        "dist/"
                    ]
                }
            },
            "notification-url": "https://packagist.org/downloads/",
            "license": [
                "MIT"
            ],
            "authors": [
                {
                    "name": "Ralph Khattar",
                    "email": "ralph.khattar@gmail.com"
                },
                {
                    "name": "Ricardo Boss",
                    "email": "contact@ricardoboss.de"
                }
            ],
            "description": "PHP package for converting file extensions to MIME types and vice versa.",
            "support": {
                "source": "https://github.com/elephox-dev/mimey/tree/4.0.0"
            },
            "time": "2022-02-11T16:34:21+00:00"
        },
        {
            "name": "elephox/oor",
            "version": "dev-develop",
            "source": {
                "type": "git",
                "url": "https://github.com/elephox-dev/oor.git",
                "reference": "2e5ab0cddd4c2b59fd237f55605deec443eae9bf"
            },
            "dist": {
                "type": "zip",
                "url": "https://api.github.com/repos/elephox-dev/oor/zipball/2e5ab0cddd4c2b59fd237f55605deec443eae9bf",
                "reference": "2e5ab0cddd4c2b59fd237f55605deec443eae9bf",
                "shasum": ""
            },
            "require": {
                "elephox/collection": "dev-develop",
                "php": "^8.1 <8.3"
            },
            "default-branch": true,
            "type": "library",
            "autoload": {
                "psr-4": {
                    "Elephox\\OOR\\": "src/"
                }
            },
            "notification-url": "https://packagist.org/downloads/",
            "license": [
                "MIT"
            ],
            "authors": [
                {
                    "name": "Ricaro Boss",
                    "email": "contact@ricardoboss.de"
                }
            ],
            "description": "Elephox Object-Oriented Revolution library.",
            "support": {
                "issues": "https://github.com/elephox-dev/oor/issues",
                "source": "https://github.com/elephox-dev/oor/tree/develop"
            },
            "time": "2022-04-07T19:49:29+00:00"
        },
        {
            "name": "elephox/stream",
            "version": "dev-develop",
            "source": {
                "type": "git",
                "url": "https://github.com/elephox-dev/stream.git",
                "reference": "c05bb60adb0e981dfd1f62ac0e52fac6bc6bc2a9"
            },
            "dist": {
                "type": "zip",
                "url": "https://api.github.com/repos/elephox-dev/stream/zipball/c05bb60adb0e981dfd1f62ac0e52fac6bc6bc2a9",
                "reference": "c05bb60adb0e981dfd1f62ac0e52fac6bc6bc2a9",
                "shasum": ""
            },
            "require": {
                "jetbrains/phpstorm-attributes": "^1.0",
                "php": "^8.1 <8.3"
            },
            "default-branch": true,
            "type": "library",
            "autoload": {
                "psr-4": {
                    "Elephox\\Stream\\": "src/"
                }
            },
            "notification-url": "https://packagist.org/downloads/",
            "license": [
                "MIT"
            ],
            "authors": [
                {
                    "name": "Ricaro Boss",
                    "email": "contact@ricardoboss.de"
                }
            ],
            "description": "Elephox Stream library.",
            "support": {
                "issues": "https://github.com/elephox-dev/stream/issues",
                "source": "https://github.com/elephox-dev/stream/tree/develop"
            },
            "time": "2022-04-07T19:49:29+00:00"
        },
        {
            "name": "elephox/support",
            "version": "dev-develop",
            "source": {
                "type": "git",
                "url": "https://github.com/elephox-dev/support.git",
                "reference": "d78d1d63c4b299fda34b42afa0260dbbb75c0e66"
            },
            "dist": {
                "type": "zip",
                "url": "https://api.github.com/repos/elephox-dev/support/zipball/d78d1d63c4b299fda34b42afa0260dbbb75c0e66",
                "reference": "d78d1d63c4b299fda34b42afa0260dbbb75c0e66",
                "shasum": ""
            },
            "require": {
                "elephox/mimey": "^4.0",
                "php": "^8.1 <8.3"
            },
            "suggest": {
                "ext-json": "To use Elephox\\JsonConvertible"
            },
            "default-branch": true,
            "type": "library",
            "autoload": {
                "psr-4": {
                    "Elephox\\Support\\": "src/"
                }
            },
            "notification-url": "https://packagist.org/downloads/",
            "license": [
                "MIT"
            ],
            "authors": [
                {
                    "name": "Ricaro Boss",
                    "email": "contact@ricardoboss.de"
                }
            ],
            "description": "Elephox support library.",
            "support": {
                "source": "https://github.com/elephox-dev/support/tree/develop"
            },
            "time": "2022-04-07T19:49:29+00:00"
        },
        {
            "name": "elephox/web",
            "version": "dev-develop",
            "source": {
                "type": "git",
                "url": "https://github.com/elephox-dev/web.git",
                "reference": "91fd1f2e0518fde35c3e23de2d674ccf3cd75cde"
            },
            "dist": {
                "type": "zip",
                "url": "https://api.github.com/repos/elephox-dev/web/zipball/91fd1f2e0518fde35c3e23de2d674ccf3cd75cde",
                "reference": "91fd1f2e0518fde35c3e23de2d674ccf3cd75cde",
                "shasum": ""
            },
            "require": {
                "elephox/autoloading": "dev-develop",
                "elephox/collection": "dev-develop",
                "elephox/configuration": "dev-develop",
                "elephox/di": "dev-develop",
                "elephox/files": "dev-develop",
                "elephox/http": "dev-develop",
                "elephox/mimey": "^4.0",
                "elephox/oor": "dev-develop",
                "elephox/stream": "dev-develop",
                "elephox/support": "dev-develop",
                "ext-mbstring": "*",
                "jetbrains/phpstorm-attributes": "^1.0",
                "php": "^8.1 <8.3"
            },
            "default-branch": true,
            "type": "library",
            "autoload": {
                "psr-4": {
                    "Elephox\\Web\\": "src/"
                }
            },
            "notification-url": "https://packagist.org/downloads/",
            "license": [
                "MIT"
            ],
            "authors": [
                {
                    "name": "Ricaro Boss",
                    "email": "contact@ricardoboss.de"
                }
            ],
            "description": "Elephox Web library.",
            "support": {
                "issues": "https://github.com/elephox-dev/web/issues",
                "source": "https://github.com/elephox-dev/web/tree/develop"
            },
            "time": "2022-04-07T23:02:24+00:00"
        },
        {
            "name": "jetbrains/phpstorm-attributes",
            "version": "1.0",
            "source": {
                "type": "git",
                "url": "https://github.com/JetBrains/phpstorm-attributes.git",
                "reference": "a7a83ae5df4dd3c0875484483de19de8edf60a9f"
            },
            "dist": {
                "type": "zip",
                "url": "https://api.github.com/repos/JetBrains/phpstorm-attributes/zipball/a7a83ae5df4dd3c0875484483de19de8edf60a9f",
                "reference": "a7a83ae5df4dd3c0875484483de19de8edf60a9f",
                "shasum": ""
            },
            "type": "library",
            "autoload": {
                "psr-4": {
                    "JetBrains\\PhpStorm\\": "src/"
                }
            },
            "notification-url": "https://packagist.org/downloads/",
            "license": [
                "Apache-2.0"
            ],
            "authors": [
                {
                    "name": "JetBrains",
                    "homepage": "https://www.jetbrains.com"
                }
            ],
            "description": "PhpStorm specific attributes",
            "keywords": [
                "attributes",
                "jetbrains",
                "phpstorm"
            ],
            "support": {
                "issues": "https://youtrack.jetbrains.com/newIssue?project=WI",
                "source": "https://github.com/JetBrains/phpstorm-attributes/tree/1.0"
            },
            "time": "2020-11-17T11:09:47+00:00"
        },
        {
            "name": "psr/container",
            "version": "2.0.2",
            "source": {
                "type": "git",
                "url": "https://github.com/php-fig/container.git",
                "reference": "c71ecc56dfe541dbd90c5360474fbc405f8d5963"
            },
            "dist": {
                "type": "zip",
                "url": "https://api.github.com/repos/php-fig/container/zipball/c71ecc56dfe541dbd90c5360474fbc405f8d5963",
                "reference": "c71ecc56dfe541dbd90c5360474fbc405f8d5963",
                "shasum": ""
            },
            "require": {
                "php": ">=7.4.0"
            },
            "type": "library",
            "extra": {
                "branch-alias": {
                    "dev-master": "2.0.x-dev"
                }
            },
            "autoload": {
                "psr-4": {
                    "Psr\\Container\\": "src/"
                }
            },
            "notification-url": "https://packagist.org/downloads/",
            "license": [
                "MIT"
            ],
            "authors": [
                {
                    "name": "PHP-FIG",
                    "homepage": "https://www.php-fig.org/"
                }
            ],
            "description": "Common Container Interface (PHP FIG PSR-11)",
            "homepage": "https://github.com/php-fig/container",
            "keywords": [
                "PSR-11",
                "container",
                "container-interface",
                "container-interop",
                "psr"
            ],
            "support": {
                "issues": "https://github.com/php-fig/container/issues",
                "source": "https://github.com/php-fig/container/tree/2.0.2"
            },
            "time": "2021-11-05T16:47:00+00:00"
        },
        {
            "name": "ricardoboss/php-console-logger",
            "version": "v1.9",
            "source": {
                "type": "git",
                "url": "https://github.com/ricardoboss/php-console-logger.git",
                "reference": "dde9990de3b92390e91a94f2e00f95230271dc8b"
            },
            "dist": {
                "type": "zip",
                "url": "https://api.github.com/repos/ricardoboss/php-console-logger/zipball/dde9990de3b92390e91a94f2e00f95230271dc8b",
                "reference": "dde9990de3b92390e91a94f2e00f95230271dc8b",
                "shasum": ""
            },
            "require": {
                "php": "^8.0"
            },
            "type": "library",
            "autoload": {
                "psr-4": {
                    "ricardoboss\\": "src/"
                }
            },
            "notification-url": "https://packagist.org/downloads/",
            "license": [
                "MIT"
            ],
            "authors": [
                {
                    "name": "Ricardo Boss",
                    "email": "contact@ricardoboss.de"
                }
            ],
            "description": "A simple console logger for scripts or small applications.",
            "support": {
                "issues": "https://github.com/ricardoboss/php-console-logger/issues",
                "source": "https://github.com/ricardoboss/php-console-logger/tree/v1.9"
            },
            "time": "2022-04-04T18:21:36+00:00"
        }
    ],
    "packages-dev": [],
    "aliases": [],
    "minimum-stability": "dev",
    "stability-flags": {
        "elephox/console": 20,
        "elephox/web": 20
    },
    "prefer-stable": true,
    "prefer-lowest": false,
    "platform": {
        "php": "^8.1 <8.3",
        "ext-ctype": "*"
    },
    "platform-dev": [],
    "plugin-api-version": "2.2.0"
}
